
Microsoft Visual Studio Solution File, Format Version 12.00
# Visual Studio Version 16
VisualStudioVersion = 16.0.31025.194
MinimumVisualStudioVersion = 10.0.40219.1
Project("{FAE04EC0-301F-11D3-BF4B-00C04F79EFBC}") = "HorizontalPrototype", "HorizontalPrototype\HorizontalPrototype.csproj", "{E920A045-99DB-4312-9C69-2D8598768E9D}"
EndProject
Global
	GlobalSection(SolutionConfigurationPlatforms) = preSolution
		Debug|Any CPU = Debug|Any CPU
		Release|Any CPU = Release|Any CPU
	EndGlobalSection
	GlobalSection(ProjectConfigurationPlatforms) = postSolution
		{E920A045-99DB-4312-9C69-2D8598768E9D}.Debug|Any CPU.ActiveCfg = Debug|Any CPU
		{E920A045-99DB-4312-9C69-2D8598768E9D}.Debug|Any CPU.Build.0 = Debug|Any CPU
		{E920A045-99DB-4312-9C69-2D8598768E9D}.Release|Any CPU.ActiveCfg = Release|Any CPU
		{E920A045-99DB-4312-9C69-2D8598768E9D}.Release|Any CPU.Build.0 = Release|Any CPU
	EndGlobalSection
	GlobalSection(SolutionProperties) = preSolution
		HideSolutionNode = FALSE
	EndGlobalSection
	GlobalSection(ExtensibilityGlobals) = postSolution
		SolutionGuid = {43851E45-55C3-49C0-8BF3-4BC45B62B7FC}
	EndGlobalSection
EndGlobal
